{
  "version": 1,
  "dependencies": {
    "net8.0-windows7.0": {
      "Microsoft.NET.Test.Sdk": {
        "type": "Direct",
        "requested": "[18.10.1, )",
        "resolved": "18.10.1",
        "contentHash": "SxCFvJE/2ltUQgCgv6+Ixagohw4sZc9hM7Wid2foaNM7paBscktoHLoRDz91fW8wbHG87Rg9Ku59/8PXumqUrA==",
        "dependencies": {
          "Microsoft.CodeCoverage": "18.10.1",
          "Microsoft.TestPlatform.TestHost": "18.10.1"
        }
      },
      "Moq": {
        "type": "Direct",
        "requested": "[4.20.72, )",
        "resolved": "4.20.72",
        "contentHash": "EA55cjyNn8eTNWrgrdZJH5QLFp2L43oxl1tlkoYUKIE9pRwL784OWiTXeCV5ApS+AMYEAlt7Fo03A2XfouvHmQ==",
        "dependencies": {
          "Castle.Core": "5.1.1"
        }
      },
      "xunit": {
        "type": "Direct",
        "requested": "[2.9.3, )",
        "resolved": "2.9.3",
        "contentHash": "TlXQBinK35LpOPKHAqbLY4xlEen9TBafjs0V5KnA4wZsoQLQJiirCR4CbIXvOH8NzkW4YeJKP5P/Bnrodm0h9Q==",
        "dependencies": {
          "xunit.analyzers": "1.18.0",
          "xunit.assert": "2.9.3",
          "xunit.core": "[2.9.3]"
        }
      },
      "xunit.runner.visualstudio": {
        "type": "Direct",
        "requested": "[4.0.0, )",
        "resolved": "4.0.0",
        "contentHash": "kzLFyBYUnoidpGOXvpNOfIo8C92gVgVR6X8ncHwhcrDYugiOut5rrhDkr0L3cWHd7J2pKXf6LgaeXoBBDlx1ag=="
      },
      "Castle.Core": {
        "type": "Transitive",
        "resolved": "5.1.1",
        "contentHash": "rpYtIczkzGpf+EkZgDr9CClTdemhsrwA/W5hMoPjLkRFnXzH44zDLoovXeKtmxb1ykXK9aJVODSpiJml8CTw2g==",
        "dependencies": {
          "System.Diagnostics.EventLog": "6.0.0"
        }
      },
      "CommunityToolkit.Mvvm": {
        "type": "Transitive",
        "resolved": "8.4.2",
        "contentHash": "WadCzGEc2U+3e20avRLng4qNtt4zoOGWrdUISqJWrHe3/FSnrYjuM5Sb4yQb09LhkBXrrI4Zt3dLKgRMbItsrg=="
      },
      "FluentFTP": {
        "type": "Transitive",
        "resolved": "55.0.0",
        "contentHash": "5ufTSEjrItvSsPWz5IZ7OTilYu42YM9fGQbogrJZsvCrKat/tz+sWHCDt0/izVvi8ZYfy3G9bZR8D9goyJ9BuA=="
      },
      "Magick.NET-Q16-AnyCPU": {
        "type": "Transitive",
        "resolved": "14.17.1",
        "contentHash": "m7NksccmpXQiQoSsDyBpXkOFC3XV9/cM3chZp2bHPdi1QPTzSicljNwrKmGZiQnQUyOBznvzv+A3ROT3/eIqUg==",
        "dependencies": {
          "Magick.NET.Core": "14.17.1"
        }
      },
      "Magick.NET.Core": {
        "type": "Transitive",
        "resolved": "14.17.1",
        "contentHash": "4BBbU5l5DmdT9isSNGrIE/0VwAh29SoKMSDMiIvFBDqz6vQfG6EYBFJQOemdCH3xkMfesSzImOVPjnyMf/PIqA=="
      },
      "MaterialDesignColors": {
        "type": "Transitive",
        "resolved": "5.3.2",
        "contentHash": "ru09iYhsnGcTI/La30zuzSeg/DXwvdFgDfvG17XU+/+XkIY915YiQFStZlykui5vpWzMEtyADh2c2T7CodrGrg=="
      },
      "MaterialDesignThemes": {
        "type": "Transitive",
        "resolved": "5.3.2",
        "contentHash": "G/aQKjpxcwQt7aZ3JzGX64gr1CzsJK7vtm+l57zpejCs6GebWN4MZ536PHLWpyrgrLySrKxPSjSlWCw2A1HWig==",
        "dependencies": {
          "MaterialDesignColors": "5.3.2",
          "Microsoft.Xaml.Behaviors.Wpf": "1.1.77"
        }
      },
      "MetadataExtractor": {
        "type": "Transitive",
        "resolved": "2.9.3",
        "contentHash": "7dBcqlPC2Zc/bsZtXnv8nCWe5h5WsLHszzHtxnpcsVy4MwlD3KQ3wVNoiYBm0a3rzt5hRwAosPvLPhlXrV5lyg==",
        "dependencies": {
          "XmpCore": "6.1.10.1"
        }
      },
      "Meziantou.Framework.Win32.CredentialManager": {
        "type": "Transitive",
        "resolved": "2.0.2",
        "contentHash": "Wa0ElU/7je9155Y4IWDV0HhrUm4EijrE/49OOTO+fg7MJdr+mlpUbq6ES1P6M+SIW9lLzpJCIdoGY3nUbE7ZoQ=="
      },
      "Microsoft.CodeCoverage": {
        "type": "Transitive",
        "resolved": "18.10.1",
        "contentHash": "tV7tCyp/t+DuwQugLkCeUN7NBFFB4fEGRPr0gkMQ2nQgAvQQjmGlZZi1dsLzbyoe/A0mbnKybmkIh8qhT9p4Zw=="
      },
      "Microsoft.Extensions.DependencyInjection": {
        "type": "Transitive",
        "resolved": "10.0.12",
        "contentHash": "lXyK2O5GoYvfxW8eCFcD16JFbcoSTM1sJkAM0UHS1jZyl9NYMW64Tqm6OQFT0IDBjZi+xHt95/Zg+nxZhGFhZg==",
        "dependencies": {
          "Microsoft.Extensions.DependencyInjection.Abstractions": "10.0.12"
        }
      },
      "Microsoft.Extensions.DependencyInjection.Abstractions": {
        "type": "Transitive",
        "resolved": "10.0.12",
        "contentHash": "9/qymSh7hVDMGTGwrLz8MRp5zRyXy9adGDOs4HwRdnLil3oZGYuWeZjbmHgCQ9BL1qBroVfgUK3U/nb61617Cw=="
      },
      "Microsoft.Extensions.Logging": {
        "type": "Transitive",
        "resolved": "10.0.12",
        "contentHash": "6I46fTPfgYkrjRYfRXbho9WOvOelTnNjWuZws/hzGHDASH1LEJeA4VKK9k3wJvido8o7jJSB5WkMTonX7HM1bA==",
        "dependencies": {
          "Microsoft.Extensions.DependencyInjection": "10.0.12",
          "Microsoft.Extensions.Logging.Abstractions": "10.0.12",
          "Microsoft.Extensions.Options": "10.0.12"
        }
      },
      "Microsoft.Extensions.Logging.Abstractions": {
        "type": "Transitive",
        "resolved": "10.0.12",
        "contentHash": "+24lC4plfbEDNfLAdTV/SWKS7dW+16X4HdydO3R++134kSNTzcbYA4KpR1Hdh6uWisB8Za3AzwyOn+K+NxWIug==",
        "dependencies": {
          "Microsoft.Extensions.DependencyInjection.Abstractions": "10.0.12",
          "System.Diagnostics.DiagnosticSource": "10.0.12"
        }
      },
      "Microsoft.Extensions.Options": {
        "type": "Transitive",
        "resolved": "10.0.12",
        "contentHash": "TDYD33TSRpXKZWlmTXNlj5kCihxatmv2Ec1u6C+bMYLphCS7PoSLE9Pjd/nunDoE7yETk+LLKjVJX78HYtWjpA==",
        "dependencies": {
          "Microsoft.Extensions.DependencyInjection.Abstractions": "10.0.12",
          "Microsoft.Extensions.Primitives": "10.0.12"
        }
      },
      "Microsoft.Extensions.Primitives": {
        "type": "Transitive",
        "resolved": "10.0.12",
        "contentHash": "dYfCLR52UA+3DL7C4I/pvSaRPkNqxrUAQmbFL2u0zvYKKzqgrFCJl08Df+F1aYc8leu9JvpC9bsURUdpExcBXQ=="
      },
      "Microsoft.TestPlatform.ObjectModel": {
        "type": "Transitive",
        "resolved": "18.10.1",
        "contentHash": "o+PuLDRVp1iwiVAPBADZItXgm9Ck23XtPhE4kZtZVi0uYnMiiz1Dx9Cjh75kJ+ijfqnORL3VOTOaQVKi0f/ixg=="
      },
      "Microsoft.TestPlatform.TestHost": {
        "type": "Transitive",
        "resolved": "18.10.1",
        "contentHash": "KYz2omqkoz9E2mWa4fdgT+Ycie1wi5968EmyJlusjlp87RxxtA2FvDm8tcBEYIDzLnkWGnsKjE4d13Z7/rxkQA==",
        "dependencies": {
          "Microsoft.TestPlatform.ObjectModel": "18.10.1"
        }
      },
      "Microsoft.Xaml.Behaviors.Wpf": {
        "type": "Transitive",
        "resolved": "1.1.77",
        "contentHash": "MCu674ZETgU18EbxfwIlRpUPJ02YbZenLsMCXTkpeA7KUBpXfFaOUDlEO+7UWu5AFnUoydg+aQENJkuaZPheMQ=="
      },
      "NetVips": {
        "type": "Transitive",
        "resolved": "3.2.0",
        "contentHash": "ixVatHjsFBBvtKXYwH8jz8nF6OQIhl2e/P0N8ByGaZrlPu9VvcVQxX9zBQ13L8fUpMzKv1WXUybqW8wXZdFsCg=="
      },
      "NetVips.Native.linux-x64": {
        "type": "Transitive",
        "resolved": "8.18.6",
        "contentHash": "D5/wO3dQwGRDi00gA7igHMuDdkwDtajWi8bunNXflS1QDftSsEa4pVv5FpA+N7oyzRoWZ9/5rUYkAeu4E12nwQ=="
      },
      "NetVips.Native.win-x64": {
        "type": "Transitive",
        "resolved": "8.18.6",
        "contentHash": "izOIx9qkOqBLXbfr9jCgu0lzYPp3S+EP1TyUlK26akefr2Xpr7IgZZCho7CTlmtG483jocyZmVM3rvwd5o9H2Q=="
      },
      "Stub.System.Data.SQLite.Core.NetStandard": {
        "type": "Transitive",
        "resolved": "1.0.119",
        "contentHash": "dI7ngiCNgdm+n00nQvFTa+LbHvE9MIQXwMSLRzJI/KAJ7G1WmCachsvfE1CD6xvb3OXJvYYEfv3+S/LHyhN0Rg=="
      },
      "System.CodeDom": {
        "type": "Transitive",
        "resolved": "10.0.12",
        "contentHash": "Kk3yEavoGHXCAFTLLegxztgSdj24JrkAHelwgWnu+YMFxezcU2DbABEOOIMdy04PExUtKQtlazaKqo0qSa1X6A=="
      },
      "System.Data.SQLite.Core": {
        "type": "Transitive",
        "resolved": "1.0.119",
        "contentHash": "bhQB8HVtRA+OOYw8UTD1F1kU+nGJ0/OZvH1JmlVUI4bGvgVEWeX1NcHjA765NvUoRVuCPlt8PrEpZ1thSsk1jg==",
        "dependencies": {
          "Stub.System.Data.SQLite.Core.NetStandard": "[1.0.119]"
        }
      },
      "System.Diagnostics.DiagnosticSource": {
        "type": "Transitive",
        "resolved": "10.0.12",
        "contentHash": "CRZTWYO0rzEcJN/6SuN1kMvQOJT7vyHZ64CCkQs0RRWTj7kH2KMkaMalbsbSI/eg5dS5JAQfQFFuuWgn+XRMsQ=="
      },
      "System.Diagnostics.EventLog": {
        "type": "Transitive",
        "resolved": "6.0.0",
        "contentHash": "lcyUiXTsETK2ALsZrX+nWuHSIQeazhqPphLfaRxzdGaG93+0kELqpgEHtwWOlQe7+jSFnKwaCAgL4kjeZCQJnw=="
      },
      "System.Management": {
        "type": "Transitive",
        "resolved": "10.0.12",
        "contentHash": "ApUsYmsNG8aPiMxsO6ROGZnqJwSZY8zeMlAQcuQg+ilPFUcIyBUC0BL8qA6wmPLNVsvL4nyhUrhhxh6qn0cx0Q==",
        "dependencies": {
          "System.CodeDom": "10.0.12"
        }
      },
      "XmpCore": {
        "type": "Transitive",
        "resolved": "6.1.10.1",
        "contentHash": "/Tp2/e39e7z8hLtS4TXt0FNNZHbf5yNFfHS0/59soXlgOzZlyRZivvzWpvujyaWkTWWgecp/1nHxkuc5vntn7A=="
      },
      "xunit.abstractions": {
        "type": "Transitive",
        "resolved": "2.0.3",
        "contentHash": "pot1I4YOxlWjIb5jmwvvQNbTrZ3lJQ+jUGkGjWE3hEFM0l5gOnBWS+H3qsex68s5cO52g+44vpGzhAt+42vwKg=="
      },
      "xunit.analyzers": {
        "type": "Transitive",
        "resolved": "1.18.0",
        "contentHash": "OtFMHN8yqIcYP9wcVIgJrq01AfTxijjAqVDy/WeQVSyrDC1RzBWeQPztL49DN2syXRah8TYnfvk035s7L95EZQ=="
      },
      "xunit.assert": {
        "type": "Transitive",
        "resolved": "2.9.3",
        "contentHash": "/Kq28fCE7MjOV42YLVRAJzRF0WmEqsmflm0cfpMjGtzQ2lR5mYVj1/i0Y8uDAOLczkL3/jArrwehfMD0YogMAA=="
      },
      "xunit.core": {
        "type": "Transitive",
        "resolved": "2.9.3",
        "contentHash": "BiAEvqGvyme19wE0wTKdADH+NloYqikiU0mcnmiNyXaF9HyHmE6sr/3DC5vnBkgsWaE6yPyWszKSPSApWdRVeQ==",
        "dependencies": {
          "xunit.extensibility.core": "[2.9.3]",
          "xunit.extensibility.execution": "[2.9.3]"
        }
      },
      "xunit.extensibility.core": {
        "type": "Transitive",
        "resolved": "2.9.3",
        "contentHash": "kf3si0YTn2a8J8eZNb+zFpwfoyvIrQ7ivNk5ZYA5yuYk1bEtMe4DxJ2CF/qsRgmEnDr7MnW1mxylBaHTZ4qErA==",
        "dependencies": {
          "xunit.abstractions": "2.0.3"
        }
      },
      "xunit.extensibility.execution": {
        "type": "Transitive",
        "resolved": "2.9.3",
        "contentHash": "yMb6vMESlSrE3Wfj7V6cjQ3S4TXdXpRqYeNEI3zsX31uTsGMJjEw6oD5F5u1cHnMptjhEECnmZSsPxB6ChZHDQ==",
        "dependencies": {
          "xunit.extensibility.core": "[2.9.3]"
        }
      },
      "quickmediaingest": {
        "type": "Project",
        "dependencies": {
          "CommunityToolkit.Mvvm": "[8.4.2, )",
          "FluentFTP": "[55.0.0, )",
          "Magick.NET-Q16-AnyCPU": "[14.17.1, )",
          "MaterialDesignThemes": "[5.3.2, )",
          "MetadataExtractor": "[2.9.3, )",
          "Meziantou.Framework.Win32.CredentialManager": "[2.0.2, )",
          "Microsoft.Extensions.DependencyInjection": "[10.0.12, )",
          "Microsoft.Extensions.Logging": "[10.0.12, )",
          "NetVips": "[3.2.0, )",
          "NetVips.Native.win-x64": "[8.18.6, )",
          "QuickMediaIngest.Core": "[1.5.0, )",
          "QuickMediaIngest.Localization": "[1.0.0, )",
          "System.Data.SQLite.Core": "[1.0.119, )",
          "System.Management": "[10.0.12, )"
        }
      },
      "quickmediaingest.core": {
        "type": "Project",
        "dependencies": {
          "CommunityToolkit.Mvvm": "[8.4.2, )",
          "FluentFTP": "[55.0.0, )",
          "Magick.NET-Q16-AnyCPU": "[14.17.1, )",
          "MetadataExtractor": "[2.9.3, )",
          "Microsoft.Extensions.Logging.Abstractions": "[10.0.12, )",
          "NetVips": "[3.2.0, )",
          "NetVips.Native.linux-x64": "[8.18.6, )"
        }
      },
      "quickmediaingest.localization": {
        "type": "Project",
        "dependencies": {
          "QuickMediaIngest.Core": "[1.5.0, )"
        }
      }
    }
  }
}