{
  "version": 1,
  "dependencies": {
    "net8.0-windows7.0": {
      "CommunityToolkit.Mvvm": {
        "type": "Direct",
        "requested": "[8.4.2, )",
        "resolved": "8.4.2",
        "contentHash": "WadCzGEc2U+3e20avRLng4qNtt4zoOGWrdUISqJWrHe3/FSnrYjuM5Sb4yQb09LhkBXrrI4Zt3dLKgRMbItsrg=="
      },
      "FluentFTP": {
        "type": "Direct",
        "requested": "[54.2.0, )",
        "resolved": "54.2.0",
        "contentHash": "n+OyaqU80gnOltXo2xBPZklAqbtxJAfl2GfblOIe5OCAk4jr/3zYW9Jf1fG6eR/USZq4AKWQcUMmKE9neSk8og=="
      },
      "Magick.NET-Q16-AnyCPU": {
        "type": "Direct",
        "requested": "[14.14.0, )",
        "resolved": "14.14.0",
        "contentHash": "fj6KqdjMRp58cw0oWtRS5eu+sKqn6ztpLt3UXcioL4AF0r4T9VPBTh9b24EUbhlp5pgETbagLh7/bsDbWjFnwA==",
        "dependencies": {
          "Magick.NET.Core": "14.14.0"
        }
      },
      "MaterialDesignThemes": {
        "type": "Direct",
        "requested": "[5.3.2, )",
        "resolved": "5.3.2",
        "contentHash": "G/aQKjpxcwQt7aZ3JzGX64gr1CzsJK7vtm+l57zpejCs6GebWN4MZ536PHLWpyrgrLySrKxPSjSlWCw2A1HWig==",
        "dependencies": {
          "MaterialDesignColors": "5.3.2",
          "Microsoft.Xaml.Behaviors.Wpf": "1.1.77"
        }
      },
      "MetadataExtractor": {
        "type": "Direct",
        "requested": "[2.9.3, )",
        "resolved": "2.9.3",
        "contentHash": "7dBcqlPC2Zc/bsZtXnv8nCWe5h5WsLHszzHtxnpcsVy4MwlD3KQ3wVNoiYBm0a3rzt5hRwAosPvLPhlXrV5lyg==",
        "dependencies": {
          "XmpCore": "6.1.10.1"
        }
      },
      "Meziantou.Framework.Win32.CredentialManager": {
        "type": "Direct",
        "requested": "[2.0.0, )",
        "resolved": "2.0.0",
        "contentHash": "Q5Et3CvMopLaw4c+Cg8xOGJQCx7T17W0EmUxHQvrhsJ65+MhFUnyU7JSrVxoPJptoOK2jOYoaWtscb2j+FlL6A=="
      },
      "Microsoft.Extensions.DependencyInjection": {
        "type": "Direct",
        "requested": "[10.0.9, )",
        "resolved": "10.0.9",
        "contentHash": "NijozhERJDIaJ4k5TSMy1jOi0cSC2HfkvRD/Sl+kGSSKgVbFnF4GxgtMN/MrzHB8D1JxIrD4xSer9Blh9v3axQ==",
        "dependencies": {
          "Microsoft.Extensions.DependencyInjection.Abstractions": "10.0.9"
        }
      },
      "Microsoft.Extensions.Logging": {
        "type": "Direct",
        "requested": "[10.0.9, )",
        "resolved": "10.0.9",
        "contentHash": "N7Gm9SjugYjmmnhwbBKC9DFqGqjfJvh6YfOJgtwh0AW0Xpok3dIVors1ik050XmUxKAgAc7nNngDIJyFb06K2g==",
        "dependencies": {
          "Microsoft.Extensions.DependencyInjection": "10.0.9",
          "Microsoft.Extensions.Logging.Abstractions": "10.0.9",
          "Microsoft.Extensions.Options": "10.0.9"
        }
      },
      "NetVips": {
        "type": "Direct",
        "requested": "[3.0.0, )",
        "resolved": "3.0.0",
        "contentHash": "yUgEF9Q/H6nlfKZdbsCNqFwHp774gKLuK4X0Qf/fbODN8BLBR2TapVy9OwBi4KnnTjxGSFUA7U1oCbOEgRKv6g=="
      },
      "NetVips.Native.win-x64": {
        "type": "Direct",
        "requested": "[8.18.3, )",
        "resolved": "8.18.3",
        "contentHash": "i12TaFaoWO86pBTGLJAUBef2Zln/1oTnzgnUmlfpee6nIwJFMdqpnfvs6FIKt+TCieaBfysdVxBmddeUsrM4cw=="
      },
      "System.Data.SQLite.Core": {
        "type": "Direct",
        "requested": "[1.0.119, )",
        "resolved": "1.0.119",
        "contentHash": "bhQB8HVtRA+OOYw8UTD1F1kU+nGJ0/OZvH1JmlVUI4bGvgVEWeX1NcHjA765NvUoRVuCPlt8PrEpZ1thSsk1jg==",
        "dependencies": {
          "Stub.System.Data.SQLite.Core.NetStandard": "[1.0.119]"
        }
      },
      "System.Management": {
        "type": "Direct",
        "requested": "[10.0.9, )",
        "resolved": "10.0.9",
        "contentHash": "8mfTzHLlMHCqFE1+iFGzxRCeCb2gDqvRQtZthuksYB+z546QZaFCiagbJ2KXHe7dy5ZpCUg/usaIqc2DxiemPw==",
        "dependencies": {
          "System.CodeDom": "10.0.9"
        }
      },
      "Magick.NET.Core": {
        "type": "Transitive",
        "resolved": "14.14.0",
        "contentHash": "pACR3w4QmjBkebtYvZwNk0oow8YwEAF4CLfzSrGmPcWsObL8wvt/lOXsrzK9M0cVwYES7jp+bdnHQBTeQgfoIg=="
      },
      "MaterialDesignColors": {
        "type": "Transitive",
        "resolved": "5.3.2",
        "contentHash": "ru09iYhsnGcTI/La30zuzSeg/DXwvdFgDfvG17XU+/+XkIY915YiQFStZlykui5vpWzMEtyADh2c2T7CodrGrg=="
      },
      "Microsoft.Extensions.DependencyInjection.Abstractions": {
        "type": "Transitive",
        "resolved": "10.0.9",
        "contentHash": "g41l/30G3K4B/d/L8kjux0+30e27c8D0FVQ/PFCpbekgfDpj9mnDhieP67EqXWvl1EWNeZh2rpR4F5B/jcDOHA=="
      },
      "Microsoft.Extensions.Logging.Abstractions": {
        "type": "Transitive",
        "resolved": "10.0.9",
        "contentHash": "9S/DFt4cohlMPpzIxjG6kk0L8MuN2vDm9pbMCulxtJzzk82oJHVLBd8vuQxaPskaYQwKqmFmbannf5eoChgjYg==",
        "dependencies": {
          "Microsoft.Extensions.DependencyInjection.Abstractions": "10.0.9",
          "System.Diagnostics.DiagnosticSource": "10.0.9"
        }
      },
      "Microsoft.Extensions.Options": {
        "type": "Transitive",
        "resolved": "10.0.9",
        "contentHash": "hyNdX4c2UwkRkzb9byw0H2DQkRzwBM3mzY2sCM9egwzTyg8dvQJmp5noQHGEaaCORQrNK3DD2gREBsc2DlXS4A==",
        "dependencies": {
          "Microsoft.Extensions.DependencyInjection.Abstractions": "10.0.9",
          "Microsoft.Extensions.Primitives": "10.0.9"
        }
      },
      "Microsoft.Extensions.Primitives": {
        "type": "Transitive",
        "resolved": "10.0.9",
        "contentHash": "fmEbAUFsaIKirgLt/lYhuFRBwhcSJN31jjHgCdbQxJiWOum6EdLjkbgGuukSP9z/a+9LibaxII/kF+GwOXgC4g=="
      },
      "Microsoft.Xaml.Behaviors.Wpf": {
        "type": "Transitive",
        "resolved": "1.1.77",
        "contentHash": "MCu674ZETgU18EbxfwIlRpUPJ02YbZenLsMCXTkpeA7KUBpXfFaOUDlEO+7UWu5AFnUoydg+aQENJkuaZPheMQ=="
      },
      "Stub.System.Data.SQLite.Core.NetStandard": {
        "type": "Transitive",
        "resolved": "1.0.119",
        "contentHash": "dI7ngiCNgdm+n00nQvFTa+LbHvE9MIQXwMSLRzJI/KAJ7G1WmCachsvfE1CD6xvb3OXJvYYEfv3+S/LHyhN0Rg=="
      },
      "System.CodeDom": {
        "type": "Transitive",
        "resolved": "10.0.9",
        "contentHash": "scH7O8oAuOMyZKOEiOQB3ZVz6x9XkrZNKNeWVCxdvkJHSy4SYXyinGK0o2Rn5LiGh+ovezziT2WCdqWKa7WMKA=="
      },
      "System.Diagnostics.DiagnosticSource": {
        "type": "Transitive",
        "resolved": "10.0.9",
        "contentHash": "VzIU41Sb23Em98hDQc71LPwKTC72xkiG7lpCZaIkf84jBJW+ViaKPa24qqR4FPmj1N4vDWilzs6Dq5Om8aFj+Q=="
      },
      "XmpCore": {
        "type": "Transitive",
        "resolved": "6.1.10.1",
        "contentHash": "/Tp2/e39e7z8hLtS4TXt0FNNZHbf5yNFfHS0/59soXlgOzZlyRZivvzWpvujyaWkTWWgecp/1nHxkuc5vntn7A=="
      }
    }
  }
}