{
  "version": 1,
  "dependencies": {
    "net8.0-windows7.0": {
      "CommunityToolkit.Mvvm": {
        "type": "Direct",
        "requested": "[8.4.2, )",
        "resolved": "8.4.2",
        "contentHash": "WadCzGEc2U+3e20avRLng4qNtt4zoOGWrdUISqJWrHe3/FSnrYjuM5Sb4yQb09LhkBXrrI4Zt3dLKgRMbItsrg=="
      },
      "FluentFTP": {
        "type": "Direct",
        "requested": "[54.2.0, )",
        "resolved": "54.2.0",
        "contentHash": "n+OyaqU80gnOltXo2xBPZklAqbtxJAfl2GfblOIe5OCAk4jr/3zYW9Jf1fG6eR/USZq4AKWQcUMmKE9neSk8og=="
      },
      "Magick.NET-Q16-AnyCPU": {
        "type": "Direct",
        "requested": "[14.15.0, )",
        "resolved": "14.15.0",
        "contentHash": "TB1Wc2hojzOMJ4tkBcXubASgtYSjEovoFpOjnfTjJXKVtKHGaN60juR+5YWFFhch1UUENcThaRWUXOWRcoGKkQ==",
        "dependencies": {
          "Magick.NET.Core": "14.15.0"
        }
      },
      "MaterialDesignThemes": {
        "type": "Direct",
        "requested": "[5.3.2, )",
        "resolved": "5.3.2",
        "contentHash": "G/aQKjpxcwQt7aZ3JzGX64gr1CzsJK7vtm+l57zpejCs6GebWN4MZ536PHLWpyrgrLySrKxPSjSlWCw2A1HWig==",
        "dependencies": {
          "MaterialDesignColors": "5.3.2",
          "Microsoft.Xaml.Behaviors.Wpf": "1.1.77"
        }
      },
      "MetadataExtractor": {
        "type": "Direct",
        "requested": "[2.9.3, )",
        "resolved": "2.9.3",
        "contentHash": "7dBcqlPC2Zc/bsZtXnv8nCWe5h5WsLHszzHtxnpcsVy4MwlD3KQ3wVNoiYBm0a3rzt5hRwAosPvLPhlXrV5lyg==",
        "dependencies": {
          "XmpCore": "6.1.10.1"
        }
      },
      "Meziantou.Framework.Win32.CredentialManager": {
        "type": "Direct",
        "requested": "[2.0.2, )",
        "resolved": "2.0.2",
        "contentHash": "Wa0ElU/7je9155Y4IWDV0HhrUm4EijrE/49OOTO+fg7MJdr+mlpUbq6ES1P6M+SIW9lLzpJCIdoGY3nUbE7ZoQ=="
      },
      "Microsoft.Extensions.DependencyInjection": {
        "type": "Direct",
        "requested": "[10.0.10, )",
        "resolved": "10.0.10",
        "contentHash": "ANyvsgkNBRvcJh2XLgn8veGmajf+8m0AbKK+HPWdRL1yraSNVVSmQhFntLtdz/C795jxqqup+k05cs/3jZQPOA==",
        "dependencies": {
          "Microsoft.Extensions.DependencyInjection.Abstractions": "10.0.10"
        }
      },
      "Microsoft.Extensions.Logging": {
        "type": "Direct",
        "requested": "[10.0.10, )",
        "resolved": "10.0.10",
        "contentHash": "Tf6z5HsL0VDYRTfvsoNrTGHGheCwkTsZBA2FFh5ATJUbkAwug+FFNISJK2gjpUNemlAOoWllAK52HOWCjto3EQ==",
        "dependencies": {
          "Microsoft.Extensions.DependencyInjection": "10.0.10",
          "Microsoft.Extensions.Logging.Abstractions": "10.0.10",
          "Microsoft.Extensions.Options": "10.0.10"
        }
      },
      "NetVips": {
        "type": "Direct",
        "requested": "[3.2.0, )",
        "resolved": "3.2.0",
        "contentHash": "ixVatHjsFBBvtKXYwH8jz8nF6OQIhl2e/P0N8ByGaZrlPu9VvcVQxX9zBQ13L8fUpMzKv1WXUybqW8wXZdFsCg=="
      },
      "NetVips.Native.win-x64": {
        "type": "Direct",
        "requested": "[8.18.4, )",
        "resolved": "8.18.4",
        "contentHash": "k6IpFlsf6Od0A0OQP+x7hoY7fWr7lldGOudXLIsxm3JRwnkR8qwm9krJZySbTXJPHXqVgN1P3QcAAgjfWTBGjQ=="
      },
      "System.Data.SQLite.Core": {
        "type": "Direct",
        "requested": "[1.0.119, )",
        "resolved": "1.0.119",
        "contentHash": "bhQB8HVtRA+OOYw8UTD1F1kU+nGJ0/OZvH1JmlVUI4bGvgVEWeX1NcHjA765NvUoRVuCPlt8PrEpZ1thSsk1jg==",
        "dependencies": {
          "Stub.System.Data.SQLite.Core.NetStandard": "[1.0.119]"
        }
      },
      "System.Management": {
        "type": "Direct",
        "requested": "[10.0.10, )",
        "resolved": "10.0.10",
        "contentHash": "U13ksdXfQlF2WDdu3S4ZPVpikFs2HgV3dbJJZLeZpBIQ4z/xCmQnwEf6LsEEIC2zSamVVa1acA9RdVhZwnWKeA==",
        "dependencies": {
          "System.CodeDom": "10.0.10"
        }
      },
      "Magick.NET.Core": {
        "type": "Transitive",
        "resolved": "14.15.0",
        "contentHash": "xgD1zqb4KQ1gMQcd3eIRp8hFMHBxzW9fOpLLDR7BWN0oCwZ0i6NW7rIUiCdsEi/NuZi1UlCLWBHh3v7Y2E3LIw=="
      },
      "MaterialDesignColors": {
        "type": "Transitive",
        "resolved": "5.3.2",
        "contentHash": "ru09iYhsnGcTI/La30zuzSeg/DXwvdFgDfvG17XU+/+XkIY915YiQFStZlykui5vpWzMEtyADh2c2T7CodrGrg=="
      },
      "Microsoft.Extensions.DependencyInjection.Abstractions": {
        "type": "Transitive",
        "resolved": "10.0.10",
        "contentHash": "z/2xXlFw2aLGjHyEm6E0tQ+In6VfzQzTrtArbQ2c0TQE16ZbyDCMGPvaUT9I0s8rgy9sRWlU2P9waW37qV04qA=="
      },
      "Microsoft.Extensions.Logging.Abstractions": {
        "type": "Transitive",
        "resolved": "10.0.10",
        "contentHash": "zkFxGYUvdxAvIKTyXHrmW+Sux53D4SezD9dMyZ6hrwwzPQJNuwCRy1f5W7AvYTqacEGhWF2XderRQG1OvbV8og==",
        "dependencies": {
          "Microsoft.Extensions.DependencyInjection.Abstractions": "10.0.10",
          "System.Diagnostics.DiagnosticSource": "10.0.10"
        }
      },
      "Microsoft.Extensions.Options": {
        "type": "Transitive",
        "resolved": "10.0.10",
        "contentHash": "srnhnk7nE8krBiIXp71LvBmKBtraBONWSRzdjJgRv1Ko9Mp8IVNqv4vIS9hGeVteBig8aQkva9ZG+sC+o5sVcA==",
        "dependencies": {
          "Microsoft.Extensions.DependencyInjection.Abstractions": "10.0.10",
          "Microsoft.Extensions.Primitives": "10.0.10"
        }
      },
      "Microsoft.Extensions.Primitives": {
        "type": "Transitive",
        "resolved": "10.0.10",
        "contentHash": "5wu/GrYVd8mG2DVUw3vFJzF+O336TyTGg/Kmcgw9bfwYhCoFiV5lR5QeEmKecJyrW4W54nMfD3p3589E8a7czQ=="
      },
      "Microsoft.Xaml.Behaviors.Wpf": {
        "type": "Transitive",
        "resolved": "1.1.77",
        "contentHash": "MCu674ZETgU18EbxfwIlRpUPJ02YbZenLsMCXTkpeA7KUBpXfFaOUDlEO+7UWu5AFnUoydg+aQENJkuaZPheMQ=="
      },
      "Stub.System.Data.SQLite.Core.NetStandard": {
        "type": "Transitive",
        "resolved": "1.0.119",
        "contentHash": "dI7ngiCNgdm+n00nQvFTa+LbHvE9MIQXwMSLRzJI/KAJ7G1WmCachsvfE1CD6xvb3OXJvYYEfv3+S/LHyhN0Rg=="
      },
      "System.CodeDom": {
        "type": "Transitive",
        "resolved": "10.0.10",
        "contentHash": "lru5igKxs4OgWKfMeOpMAYpfB1tNSSXHk2zyiSDO/h0u8RVAhN6KqW9d3ANybDB+ePIHg6HM/NlE8HlpOk4k5A=="
      },
      "System.Diagnostics.DiagnosticSource": {
        "type": "Transitive",
        "resolved": "10.0.10",
        "contentHash": "cjtKi6ERMYWp6b9UTVPcwDT29PjKDtlM3W9OwnWL5abRsI8ku42Q2wqZoLIIXJnT/XF2s2CjuK8Nl4a3mmTxQQ=="
      },
      "XmpCore": {
        "type": "Transitive",
        "resolved": "6.1.10.1",
        "contentHash": "/Tp2/e39e7z8hLtS4TXt0FNNZHbf5yNFfHS0/59soXlgOzZlyRZivvzWpvujyaWkTWWgecp/1nHxkuc5vntn7A=="
      }
    }
  }
}